
Microsoft Visual Studio Solution File, Format Version 12.00
# Visual Studio Version 17
VisualStudioVersion = 17.10.35013.160
MinimumVisualStudioVersion = 10.0.40219.1
Project("{FAE04EC0-301F-11D3-BF4B-00C04F79EFBC}") = "AppSecretRotationFunc", "AppSecretRotationFunc\AppSecretRotationFunc.csproj", "{D07C2255-2C48-4883-B6A0-BA38558DFA93}"
EndProject
Global
	GlobalSection(SolutionConfigurationPlatforms) = preSolution
		Debug|Any CPU = Debug|Any CPU
		Release|Any CPU = Release|Any CPU
	EndGlobalSection
	GlobalSection(ProjectConfigurationPlatforms) = postSolution
		{D07C2255-2C48-4883-B6A0-BA38558DFA93}.Debug|Any CPU.ActiveCfg = Debug|Any CPU
		{D07C2255-2C48-4883-B6A0-BA38558DFA93}.Debug|Any CPU.Build.0 = Debug|Any CPU
		{D07C2255-2C48-4883-B6A0-BA38558DFA93}.Release|Any CPU.ActiveCfg = Release|Any CPU
		{D07C2255-2C48-4883-B6A0-BA38558DFA93}.Release|Any CPU.Build.0 = Release|Any CPU
	EndGlobalSection
	GlobalSection(SolutionProperties) = preSolution
		HideSolutionNode = FALSE
	EndGlobalSection
	GlobalSection(ExtensibilityGlobals) = postSolution
		SolutionGuid = {B0C19434-FA40-4273-A0B9-50F444A5E944}
	EndGlobalSection
EndGlobal
